// !$*UTF8*$!
{
	archiveVersion = 1;
	classes = {
	};
	objectVersion = 48;
	objects = {

/* Begin PBXBuildFile section */
		347F6AA2200C472F0086F5A5 /* AppDelegate.swift in Sources */ = {isa = PBXBuildFile; fileRef = 347F6AA1200C472F0086F5A5 /* AppDelegate.swift */; };
		347F6AA4200C472F0086F5A5 /* ViewController.swift in Sources */ = {isa = PBXBuildFile; fileRef = 347F6AA3200C472F0086F5A5 /* ViewController.swift */; };
		347F6AA7200C472F0086F5A5 /* Main.storyboard in Resources */ = {isa = PBXBuildFile; fileRef = 347F6AA5200C472F0086F5A5 /* Main.storyboard */; };
		347F6AA9200C472F0086F5A5 /* Assets.xcassets in Resources */ = {isa = PBXBuildFile; fileRef = 347F6AA8200C472F0086F5A5 /* Assets.xcassets */; };
		347F6AAC200C472F0086F5A5 /* LaunchScreen.storyboard in Resources */ = {isa = PBXBuildFile; fileRef = 347F6AAA200C472F0086F5A5 /* LaunchScreen.storyboard */; };
		347F6AB5200C4BFA0086F5A5 /* User.swift in Sources */ = {isa = PBXBuildFile; fileRef = 347F6AB4200C4BFA0086F5A5 /* User.swift */; };
		347F6AB8200C52A00086F5A5 /* ApiResource.swift in Sources */ = {isa = PBXBuildFile; fileRef = 347F6AB7200C52A00086F5A5 /* ApiResource.swift */; };
		347F6ABC200C60AF0086F5A5 /* CreateResource.swift in Sources */ = {isa = PBXBuildFile; fileRef = 347F6ABB200C60AF0086F5A5 /* CreateResource.swift */; };
		347F6ABF200C61870086F5A5 /* NetworkRequest.swift in Sources */ = {isa = PBXBuildFile; fileRef = 347F6ABE200C61870086F5A5 /* NetworkRequest.swift */; };
		347F6AC1200C64030086F5A5 /* ApiRequest.swift in Sources */ = {isa = PBXBuildFile; fileRef = 347F6AC0200C64030086F5A5 /* ApiRequest.swift */; };
		347F6AC3200D7B6F0086F5A5 /* ApiModel.swift in Sources */ = {isa = PBXBuildFile; fileRef = 347F6AC2200D7B6F0086F5A5 /* ApiModel.swift */; };
/* End PBXBuildFile section */

/* Begin PBXFileReference section */
		347F6A9E200C472F0086F5A5 /* ClimbTracker-Mobile-iOS.app */ = {isa = PBXFileReference; explicitFileType = wrapper.application; includeInIndex = 0; path = "ClimbTracker-Mobile-iOS.app"; sourceTree = BUILT_PRODUCTS_DIR; };
		347F6AA1200C472F0086F5A5 /* AppDelegate.swift */ = {isa = PBXFileReference; lastKnownFileType = sourcecode.swift; path = AppDelegate.swift; sourceTree = "<group>"; };
		347F6AA3200C472F0086F5A5 /* ViewController.swift */ = {isa = PBXFileReference; lastKnownFileType = sourcecode.swift; path = ViewController.swift; sourceTree = "<group>"; };
		347F6AA6200C472F0086F5A5 /* Base */ = {isa = PBXFileReference; lastKnownFileType = file.storyboard; name = Base; path = Base.lproj/Main.storyboard; sourceTree = "<group>"; };
		347F6AA8200C472F0086F5A5 /* Assets.xcassets */ = {isa = PBXFileReference; lastKnownFileType = folder.assetcatalog; path = Assets.xcassets; sourceTree = "<group>"; };
		347F6AAB200C472F0086F5A5 /* Base */ = {isa = PBXFileReference; lastKnownFileType = file.storyboard; name = Base; path = Base.lproj/LaunchScreen.storyboard; sourceTree = "<group>"; };
		347F6AAD200C472F0086F5A5 /* Info.plist */ = {isa = PBXFileReference; lastKnownFileType = text.plist.xml; path = Info.plist; sourceTree = "<group>"; };
		347F6AB4200C4BFA0086F5A5 /* User.swift */ = {isa = PBXFileReference; lastKnownFileType = sourcecode.swift; path = User.swift; sourceTree = "<group>"; };
		347F6AB7200C52A00086F5A5 /* ApiResource.swift */ = {isa = PBXFileReference; lastKnownFileType = sourcecode.swift; path = ApiResource.swift; sourceTree = "<group>"; };
		347F6ABB200C60AF0086F5A5 /* CreateResource.swift */ = {isa = PBXFileReference; lastKnownFileType = sourcecode.swift; path = CreateResource.swift; sourceTree = "<group>"; };
		347F6ABE200C61870086F5A5 /* NetworkRequest.swift */ = {isa = PBXFileReference; lastKnownFileType = sourcecode.swift; path = NetworkRequest.swift; sourceTree = "<group>"; };
		347F6AC0200C64030086F5A5 /* ApiRequest.swift */ = {isa = PBXFileReference; lastKnownFileType = sourcecode.swift; path = ApiRequest.swift; sourceTree = "<group>"; };
		347F6AC2200D7B6F0086F5A5 /* ApiModel.swift */ = {isa = PBXFileReference; lastKnownFileType = sourcecode.swift; path = ApiModel.swift; sourceTree = "<group>"; };
/* End PBXFileReference section */

/* Begin PBXFrameworksBuildPhase section */
		347F6A9B200C472F0086F5A5 /* Frameworks */ = {
			isa = PBXFrameworksBuildPhase;
			buildActionMask = 2147483647;
			files = (
			);
			runOnlyForDeploymentPostprocessing = 0;
		};
/* End PBXFrameworksBuildPhase section */

/* Begin PBXGroup section */
		347F6A95200C472F0086F5A5 = {
			isa = PBXGroup;
			children = (
				347F6AA0200C472F0086F5A5 /* ClimbTracker-Mobile-iOS */,
				347F6A9F200C472F0086F5A5 /* Products */,
			);
			sourceTree = "<group>";
		};
		347F6A9F200C472F0086F5A5 /* Products */ = {
			isa = PBXGroup;
			children = (
				347F6A9E200C472F0086F5A5 /* ClimbTracker-Mobile-iOS.app */,
			);
			name = Products;
			sourceTree = "<group>";
		};
		347F6AA0200C472F0086F5A5 /* ClimbTracker-Mobile-iOS */ = {
			isa = PBXGroup;
			children = (
				347F6AB6200C52910086F5A5 /* Networking */,
				347F6AB3200C4BE60086F5A5 /* Models */,
				347F6AA1200C472F0086F5A5 /* AppDelegate.swift */,
				347F6AA3200C472F0086F5A5 /* ViewController.swift */,
				347F6AA5200C472F0086F5A5 /* Main.storyboard */,
				347F6AA8200C472F0086F5A5 /* Assets.xcassets */,
				347F6AAA200C472F0086F5A5 /* LaunchScreen.storyboard */,
				347F6AAD200C472F0086F5A5 /* Info.plist */,
			);
			path = "ClimbTracker-Mobile-iOS";
			sourceTree = "<group>";
		};
		347F6AB3200C4BE60086F5A5 /* Models */ = {
			isa = PBXGroup;
			children = (
				347F6AB4200C4BFA0086F5A5 /* User.swift */,
				347F6AC2200D7B6F0086F5A5 /* ApiModel.swift */,
			);
			path = Models;
			sourceTree = "<group>";
		};
		347F6AB6200C52910086F5A5 /* Networking */ = {
			isa = PBXGroup;
			children = (
				347F6ABD200C615E0086F5A5 /* Requests */,
				347F6ABA200C60660086F5A5 /* ApiResources */,
			);
			path = Networking;
			sourceTree = "<group>";
		};
		347F6ABA200C60660086F5A5 /* ApiResources */ = {
			isa = PBXGroup;
			children = (
				347F6AB7200C52A00086F5A5 /* ApiResource.swift */,
				347F6ABB200C60AF0086F5A5 /* CreateResource.swift */,
			);
			path = ApiResources;
			sourceTree = "<group>";
		};
		347F6ABD200C615E0086F5A5 /* Requests */ = {
			isa = PBXGroup;
			children = (
				347F6ABE200C61870086F5A5 /* NetworkRequest.swift */,
				347F6AC0200C64030086F5A5 /* ApiRequest.swift */,
			);
			path = Requests;
			sourceTree = "<group>";
		};
/* End PBXGroup section */

/* Begin PBXNativeTarget section */
		347F6A9D200C472F0086F5A5 /* ClimbTracker-Mobile-iOS */ = {
			isa = PBXNativeTarget;
			buildConfigurationList = 347F6AB0200C472F0086F5A5 /* Build configuration list for PBXNativeTarget "ClimbTracker-Mobile-iOS" */;
			buildPhases = (
				347F6A9A200C472F0086F5A5 /* Sources */,
				347F6A9B200C472F0086F5A5 /* Frameworks */,
				347F6A9C200C472F0086F5A5 /* Resources */,
			);
			buildRules = (
			);
			dependencies = (
			);
			name = "ClimbTracker-Mobile-iOS";
			productName = "ClimbTracker-Mobile-iOS";
			productReference = 347F6A9E200C472F0086F5A5 /* ClimbTracker-Mobile-iOS.app */;
			productType = "com.apple.product-type.application";
		};
/* End PBXNativeTarget section */

/* Begin PBXProject section */
		347F6A96200C472F0086F5A5 /* Project object */ = {
			isa = PBXProject;
			attributes = {
				LastSwiftUpdateCheck = 0900;
				LastUpgradeCheck = 0900;
				ORGANIZATIONNAME = "Matthew Richardson";
				TargetAttributes = {
					347F6A9D200C472F0086F5A5 = {
						CreatedOnToolsVersion = 9.0.1;
						ProvisioningStyle = Automatic;
					};
				};
			};
			buildConfigurationList = 347F6A99200C472F0086F5A5 /* Build configuration list for PBXProject "ClimbTracker-Mobile-iOS" */;
			compatibilityVersion = "Xcode 8.0";
			developmentRegion = en;
			hasScannedForEncodings = 0;
			knownRegions = (
				en,
				Base,
			);
			mainGroup = 347F6A95200C472F0086F5A5;
			productRefGroup = 347F6A9F200C472F0086F5A5 /* Products */;
			projectDirPath = "";
			projectRoot = "";
			targets = (
				347F6A9D200C472F0086F5A5 /* ClimbTracker-Mobile-iOS */,
			);
		};
/* End PBXProject section */

/* Begin PBXResourcesBuildPhase section */
		347F6A9C200C472F0086F5A5 /* Resources */ = {
			isa = PBXResourcesBuildPhase;
			buildActionMask = 2147483647;
			files = (
				347F6AAC200C472F0086F5A5 /* LaunchScreen.storyboard in Resources */,
				347F6AA9200C472F0086F5A5 /* Assets.xcassets in Resources */,
				347F6AA7200C472F0086F5A5 /* Main.storyboard in Resources */,
			);
			runOnlyForDeploymentPostprocessing = 0;
		};
/* End PBXResourcesBuildPhase section */

/* Begin PBXSourcesBuildPhase section */
		347F6A9A200C472F0086F5A5 /* Sources */ = {
			isa = PBXSourcesBuildPhase;
			buildActionMask = 2147483647;
			files = (
				347F6AA4200C472F0086F5A5 /* ViewController.swift in Sources */,
				347F6AA2200C472F0086F5A5 /* AppDelegate.swift in Sources */,
				347F6AB8200C52A00086F5A5 /* ApiResource.swift in Sources */,
				347F6ABC200C60AF0086F5A5 /* CreateResource.swift in Sources */,
				347F6ABF200C61870086F5A5 /* NetworkRequest.swift in Sources */,
				347F6AC3200D7B6F0086F5A5 /* ApiModel.swift in Sources */,
				347F6AC1200C64030086F5A5 /* ApiRequest.swift in Sources */,
				347F6AB5200C4BFA0086F5A5 /* User.swift in Sources */,
			);
			runOnlyForDeploymentPostprocessing = 0;
		};
/* End PBXSourcesBuildPhase section */

/* Begin PBXVariantGroup section */
		347F6AA5200C472F0086F5A5 /* Main.storyboard */ = {
			isa = PBXVariantGroup;
			children = (
				347F6AA6200C472F0086F5A5 /* Base */,
			);
			name = Main.storyboard;
			sourceTree = "<group>";
		};
		347F6AAA200C472F0086F5A5 /* LaunchScreen.storyboard */ = {
			isa = PBXVariantGroup;
			children = (
				347F6AAB200C472F0086F5A5 /* Base */,
			);
			name = LaunchScreen.storyboard;
			sourceTree = "<group>";
		};
/* End PBXVariantGroup section */

/* Begin XCBuildConfiguration section */
		347F6AAE200C472F0086F5A5 /* Debug */ = {
			isa = XCBuildConfiguration;
			buildSettings = {
				ALWAYS_SEARCH_USER_PATHS = NO;
				CLANG_ANALYZER_NONNULL = YES;
				CLANG_ANALYZER_NUMBER_OBJECT_CONVERSION = YES_AGGRESSIVE;
				CLANG_CXX_LANGUAGE_STANDARD = "gnu++14";
				CLANG_CXX_LIBRARY = "libc++";
				CLANG_ENABLE_MODULES = YES;
				CLANG_ENABLE_OBJC_ARC = YES;
				CLANG_WARN_BLOCK_CAPTURE_AUTORELEASING = YES;
				CLANG_WARN_BOOL_CONVERSION = YES;
				CLANG_WARN_COMMA = YES;
				CLANG_WARN_CONSTANT_CONVERSION = YES;
				CLANG_WARN_DIRECT_OBJC_ISA_USAGE = YES_ERROR;
				CLANG_WARN_DOCUMENTATION_COMMENTS = YES;
				CLANG_WARN_EMPTY_BODY = YES;
				CLANG_WARN_ENUM_CONVERSION = YES;
				CLANG_WARN_INFINITE_RECURSION = YES;
				CLANG_WARN_INT_CONVERSION = YES;
				CLANG_WARN_NON_LITERAL_NULL_CONVERSION = YES;
				CLANG_WARN_OBJC_LITERAL_CONVERSION = YES;
				CLANG_WARN_OBJC_ROOT_CLASS = YES_ERROR;
				CLANG_WARN_RANGE_LOOP_ANALYSIS = YES;
				CLANG_WARN_STRICT_PROTOTYPES = YES;
				CLANG_WARN_SUSPICIOUS_MOVE = YES;
				CLANG_WARN_UNGUARDED_AVAILABILITY = YES_AGGRESSIVE;
				CLANG_WARN_UNREACHABLE_CODE = YES;
				CLANG_WARN__DUPLICATE_METHOD_MATCH = YES;
				CODE_SIGN_IDENTITY = "iPhone Developer";
				COPY_PHASE_STRIP = NO;
				DEBUG_INFORMATION_FORMAT = dwarf;
				ENABLE_STRICT_OBJC_MSGSEND = YES;
				ENABLE_TESTABILITY = YES;
				GCC_C_LANGUAGE_STANDARD = gnu11;
				GCC_DYNAMIC_NO_PIC = NO;
				GCC_NO_COMMON_BLOCKS = YES;
				GCC_OPTIMIZATION_LEVEL = 0;
				GCC_PREPROCESSOR_DEFINITIONS = (
					"DEBUG=1",
					"$(inherited)",
				);
				GCC_WARN_64_TO_32_BIT_CONVERSION = YES;
				GCC_WARN_ABOUT_RETURN_TYPE = YES_ERROR;
				GCC_WARN_UNDECLARED_SELECTOR = YES;
				GCC_WARN_UNINITIALIZED_AUTOS = YES_AGGRESSIVE;
				GCC_WARN_UNUSED_FUNCTION = YES;
				GCC_WARN_UNUSED_VARIABLE = YES;
				IPHONEOS_DEPLOYMENT_TARGET = 11.0;
				MTL_ENABLE_DEBUG_INFO = YES;
				ONLY_ACTIVE_ARCH = YES;
				SDKROOT = iphoneos;
				SWIFT_ACTIVE_COMPILATION_CONDITIONS = DEBUG;
				SWIFT_OPTIMIZATION_LEVEL = "-Onone";
			};
			name = Debug;
		};
		347F6AAF200C472F0086F5A5 /* Release */ = {
			isa = XCBuildConfiguration;
			buildSettings = {
				ALWAYS_SEARCH_USER_PATHS = NO;
				CLANG_ANALYZER_NONNULL = YES;
				CLANG_ANALYZER_NUMBER_OBJECT_CONVERSION = YES_AGGRESSIVE;
				CLANG_CXX_LANGUAGE_STANDARD = "gnu++14";
				CLANG_CXX_LIBRARY = "libc++";
				CLANG_ENABLE_MODULES = YES;
				CLANG_ENABLE_OBJC_ARC = YES;
				CLANG_WARN_BLOCK_CAPTURE_AUTORELEASING = YES;
				CLANG_WARN_BOOL_CONVERSION = YES;
				CLANG_WARN_COMMA = YES;
				CLANG_WARN_CONSTANT_CONVERSION = YES;
				CLANG_WARN_DIRECT_OBJC_ISA_USAGE = YES_ERROR;
				CLANG_WARN_DOCUMENTATION_COMMENTS = YES;
				CLANG_WARN_EMPTY_BODY = YES;
				CLANG_WARN_ENUM_CONVERSION = YES;
				CLANG_WARN_INFINITE_RECURSION = YES;
				CLANG_WARN_INT_CONVERSION = YES;
				CLANG_WARN_NON_LITERAL_NULL_CONVERSION = YES;
				CLANG_WARN_OBJC_LITERAL_CONVERSION = YES;
				CLANG_WARN_OBJC_ROOT_CLASS = YES_ERROR;
				CLANG_WARN_RANGE_LOOP_ANALYSIS = YES;
				CLANG_WARN_STRICT_PROTOTYPES = YES;
				CLANG_WARN_SUSPICIOUS_MOVE = YES;
				CLANG_WARN_UNGUARDED_AVAILABILITY = YES_AGGRESSIVE;
				CLANG_WARN_UNREACHABLE_CODE = YES;
				CLANG_WARN__DUPLICATE_METHOD_MATCH = YES;
				CODE_SIGN_IDENTITY = "iPhone Developer";
				COPY_PHASE_STRIP = NO;
				DEBUG_INFORMATION_FORMAT = "dwarf-with-dsym";
				ENABLE_NS_ASSERTIONS = NO;
				ENABLE_STRICT_OBJC_MSGSEND = YES;
				GCC_C_LANGUAGE_STANDARD = gnu11;
				GCC_NO_COMMON_BLOCKS = YES;
				GCC_WARN_64_TO_32_BIT_CONVERSION = YES;
				GCC_WARN_ABOUT_RETURN_TYPE = YES_ERROR;
				GCC_WARN_UNDECLARED_SELECTOR = YES;
				GCC_WARN_UNINITIALIZED_AUTOS = YES_AGGRESSIVE;
				GCC_WARN_UNUSED_FUNCTION = YES;
				GCC_WARN_UNUSED_VARIABLE = YES;
				IPHONEOS_DEPLOYMENT_TARGET = 11.0;
				MTL_ENABLE_DEBUG_INFO = NO;
				SDKROOT = iphoneos;
				SWIFT_OPTIMIZATION_LEVEL = "-Owholemodule";
				VALIDATE_PRODUCT = YES;
			};
			name = Release;
		};
		347F6AB1200C472F0086F5A5 /* Debug */ = {
			isa = XCBuildConfiguration;
			buildSettings = {
				ASSETCATALOG_COMPILER_APPICON_NAME = AppIcon;
				CODE_SIGN_STYLE = Automatic;
				DEVELOPMENT_TEAM = 3EF98587V9;
				INFOPLIST_FILE = "ClimbTracker-Mobile-iOS/Info.plist";
				LD_RUNPATH_SEARCH_PATHS = "$(inherited) @executable_path/Frameworks";
				PRODUCT_BUNDLE_IDENTIFIER = "com.mattyrrich.ClimbTracker-Mobile-iOS";
				PRODUCT_NAME = "$(TARGET_NAME)";
				SWIFT_VERSION = 4.0;
				TARGETED_DEVICE_FAMILY = "1,2";
			};
			name = Debug;
		};
		347F6AB2200C472F0086F5A5 /* Release */ = {
			isa = XCBuildConfiguration;
			buildSettings = {
				ASSETCATALOG_COMPILER_APPICON_NAME = AppIcon;
				CODE_SIGN_STYLE = Automatic;
				DEVELOPMENT_TEAM = 3EF98587V9;
				INFOPLIST_FILE = "ClimbTracker-Mobile-iOS/Info.plist";
				LD_RUNPATH_SEARCH_PATHS = "$(inherited) @executable_path/Frameworks";
				PRODUCT_BUNDLE_IDENTIFIER = "com.mattyrrich.ClimbTracker-Mobile-iOS";
				PRODUCT_NAME = "$(TARGET_NAME)";
				SWIFT_VERSION = 4.0;
				TARGETED_DEVICE_FAMILY = "1,2";
			};
			name = Release;
		};
/* End XCBuildConfiguration section */

/* Begin XCConfigurationList section */
		347F6A99200C472F0086F5A5 /* Build configuration list for PBXProject "ClimbTracker-Mobile-iOS" */ = {
			isa = XCConfigurationList;
			buildConfigurations = (
				347F6AAE200C472F0086F5A5 /* Debug */,
				347F6AAF200C472F0086F5A5 /* Release */,
			);
			defaultConfigurationIsVisible = 0;
			defaultConfigurationName = Release;
		};
		347F6AB0200C472F0086F5A5 /* Build configuration list for PBXNativeTarget "ClimbTracker-Mobile-iOS" */ = {
			isa = XCConfigurationList;
			buildConfigurations = (
				347F6AB1200C472F0086F5A5 /* Debug */,
				347F6AB2200C472F0086F5A5 /* Release */,
			);
			defaultConfigurationIsVisible = 0;
			defaultConfigurationName = Release;
		};
/* End XCConfigurationList section */
	};
	rootObject = 347F6A96200C472F0086F5A5 /* Project object */;
}
